PODS:
  - FBSnapshotTestCase (2.1.4):
    - FBSnapshotTestCase/SwiftSupport (= 2.1.4)
  - FBSnapshotTestCase/Core (2.1.4)
  - FBSnapshotTestCase/SwiftSupport (2.1.4):
    - FBSnapshotTestCase/Core
  - testProject (0.1.0)

DEPENDENCIES:
  - FBSnapshotTestCase
  - testProject (from `../`)

SPEC REPOS:
  trunk:
    - FBSnapshotTestCase

EXTERNAL SOURCES:
  testProject:
    :path: "../"

SPEC CHECKSUMS:
  FBSnapshotTestCase: 094f9f314decbabe373b87cc339bea235a63e07a
  testProject: adc92fc0eeef794be0edc4711175be860597638b

PODFILE CHECKSUM: ad954ad54174edb26767664b023e7c39a12ee2b4

COCOAPODS: 1.11.2
